
Microsoft Visual Studio Solution File, Format Version 12.00
# Visual Studio Version 17
VisualStudioVersion = 17.4.33205.214
MinimumVisualStudioVersion = 10.0.40219.1
Project("{FAE04EC0-301F-11D3-BF4B-00C04F79EFBC}") = "HelloHTMLCSS", "HelloHTMLCSS\HelloHTMLCSS.csproj", "{6F9674FC-9C2F-43CE-BCF7-14D3CB9DF6BC}"
EndProject
Global
	GlobalSection(SolutionConfigurationPlatforms) = preSolution
		Debug|Any CPU = Debug|Any CPU
		Release|Any CPU = Release|Any CPU
	EndGlobalSection
	GlobalSection(ProjectConfigurationPlatforms) = postSolution
		{6F9674FC-9C2F-43CE-BCF7-14D3CB9DF6BC}.Debug|Any CPU.ActiveCfg = Debug|Any CPU
		{6F9674FC-9C2F-43CE-BCF7-14D3CB9DF6BC}.Debug|Any CPU.Build.0 = Debug|Any CPU
		{6F9674FC-9C2F-43CE-BCF7-14D3CB9DF6BC}.Release|Any CPU.ActiveCfg = Release|Any CPU
		{6F9674FC-9C2F-43CE-BCF7-14D3CB9DF6BC}.Release|Any CPU.Build.0 = Release|Any CPU
	EndGlobalSection
	GlobalSection(SolutionProperties) = preSolution
		HideSolutionNode = FALSE
	EndGlobalSection
	GlobalSection(ExtensibilityGlobals) = postSolution
		SolutionGuid = {5C25DA5C-0254-4ED3-ADE3-E188036AE348}
	EndGlobalSection
EndGlobal
